
Microsoft Visual Studio Solution File, Format Version 12.00
# Visual Studio Version 17
VisualStudioVersion = 17.0.32112.339
MinimumVisualStudioVersion = 10.0.40219.1
Project("{FAE04EC0-301F-11D3-BF4B-00C04F79EFBC}") = "ArrayDemoProject", "ArrayDemoProject\ArrayDemoProject.csproj", "{8674ADD1-E5E4-4DAC-B5A4-F4F3C8A7F562}"
EndProject
Global
	GlobalSection(SolutionConfigurationPlatforms) = preSolution
		Debug|Any CPU = Debug|Any CPU
		Release|Any CPU = Release|Any CPU
	EndGlobalSection
	GlobalSection(ProjectConfigurationPlatforms) = postSolution
		{8674ADD1-E5E4-4DAC-B5A4-F4F3C8A7F562}.Debug|Any CPU.ActiveCfg = Debug|Any CPU
		{8674ADD1-E5E4-4DAC-B5A4-F4F3C8A7F562}.Debug|Any CPU.Build.0 = Debug|Any CPU
		{8674ADD1-E5E4-4DAC-B5A4-F4F3C8A7F562}.Release|Any CPU.ActiveCfg = Release|Any CPU
		{8674ADD1-E5E4-4DAC-B5A4-F4F3C8A7F562}.Release|Any CPU.Build.0 = Release|Any CPU
	EndGlobalSection
	GlobalSection(SolutionProperties) = preSolution
		HideSolutionNode = FALSE
	EndGlobalSection
	GlobalSection(ExtensibilityGlobals) = postSolution
		SolutionGuid = {6B32BBBE-03C9-4694-B46D-8B0C6090E57E}
	EndGlobalSection
EndGlobal
