
Microsoft Visual Studio Solution File, Format Version 12.00
# Visual Studio Version 17
VisualStudioVersion = 17.5.33516.290
MinimumVisualStudioVersion = 10.0.40219.1
Project("{FAE04EC0-301F-11D3-BF4B-00C04F79EFBC}") = "SuperHeroesApp", "SuperHeroesApp.csproj", "{737C800B-3D14-4A4F-A3C1-4B45DEB382E4}"
EndProject
Global
	GlobalSection(SolutionConfigurationPlatforms) = preSolution
		Debug|Any CPU = Debug|Any CPU
		Release|Any CPU = Release|Any CPU
	EndGlobalSection
	GlobalSection(ProjectConfigurationPlatforms) = postSolution
		{737C800B-3D14-4A4F-A3C1-4B45DEB382E4}.Debug|Any CPU.ActiveCfg = Debug|Any CPU
		{737C800B-3D14-4A4F-A3C1-4B45DEB382E4}.Debug|Any CPU.Build.0 = Debug|Any CPU
		{737C800B-3D14-4A4F-A3C1-4B45DEB382E4}.Release|Any CPU.ActiveCfg = Release|Any CPU
		{737C800B-3D14-4A4F-A3C1-4B45DEB382E4}.Release|Any CPU.Build.0 = Release|Any CPU
	EndGlobalSection
	GlobalSection(SolutionProperties) = preSolution
		HideSolutionNode = FALSE
	EndGlobalSection
	GlobalSection(ExtensibilityGlobals) = postSolution
		SolutionGuid = {B04489F9-5E9C-49F7-A868-AE45650AEB7F}
	EndGlobalSection
EndGlobal
