
Microsoft Visual Studio Solution File, Format Version 12.00
# Visual Studio Version 17
VisualStudioVersion = 17.0.32112.339
MinimumVisualStudioVersion = 10.0.40219.1
Project("{FAE04EC0-301F-11D3-BF4B-00C04F79EFBC}") = "SquareArea", "SquareArea\SquareArea.csproj", "{B3536CC2-0729-42EA-B8C2-56D7857009C3}"
EndProject
Global
	GlobalSection(SolutionConfigurationPlatforms) = preSolution
		Debug|Any CPU = Debug|Any CPU
		Release|Any CPU = Release|Any CPU
	EndGlobalSection
	GlobalSection(ProjectConfigurationPlatforms) = postSolution
		{B3536CC2-0729-42EA-B8C2-56D7857009C3}.Debug|Any CPU.ActiveCfg = Debug|Any CPU
		{B3536CC2-0729-42EA-B8C2-56D7857009C3}.Debug|Any CPU.Build.0 = Debug|Any CPU
		{B3536CC2-0729-42EA-B8C2-56D7857009C3}.Release|Any CPU.ActiveCfg = Release|Any CPU
		{B3536CC2-0729-42EA-B8C2-56D7857009C3}.Release|Any CPU.Build.0 = Release|Any CPU
	EndGlobalSection
	GlobalSection(SolutionProperties) = preSolution
		HideSolutionNode = FALSE
	EndGlobalSection
	GlobalSection(ExtensibilityGlobals) = postSolution
		SolutionGuid = {68EDD1A3-EE22-44EF-9F50-89B98AE86934}
	EndGlobalSection
EndGlobal
