
Microsoft Visual Studio Solution File, Format Version 12.00
# Visual Studio Version 17
VisualStudioVersion = 17.0.32112.339
MinimumVisualStudioVersion = 10.0.40219.1
Project("{FAE04EC0-301F-11D3-BF4B-00C04F79EFBC}") = "MethodExercise", "MethodExercise\MethodExercise.csproj", "{822000E2-EED3-4E7C-9EE6-20B43B7011D6}"
EndProject
Global
	GlobalSection(SolutionConfigurationPlatforms) = preSolution
		Debug|Any CPU = Debug|Any CPU
		Release|Any CPU = Release|Any CPU
	EndGlobalSection
	GlobalSection(ProjectConfigurationPlatforms) = postSolution
		{822000E2-EED3-4E7C-9EE6-20B43B7011D6}.Debug|Any CPU.ActiveCfg = Debug|Any CPU
		{822000E2-EED3-4E7C-9EE6-20B43B7011D6}.Debug|Any CPU.Build.0 = Debug|Any CPU
		{822000E2-EED3-4E7C-9EE6-20B43B7011D6}.Release|Any CPU.ActiveCfg = Release|Any CPU
		{822000E2-EED3-4E7C-9EE6-20B43B7011D6}.Release|Any CPU.Build.0 = Release|Any CPU
	EndGlobalSection
	GlobalSection(SolutionProperties) = preSolution
		HideSolutionNode = FALSE
	EndGlobalSection
	GlobalSection(ExtensibilityGlobals) = postSolution
		SolutionGuid = {1051FA2F-8F41-45A2-A846-3447E9F03E4D}
	EndGlobalSection
EndGlobal
